// !$*UTF8*$!
{
	archiveVersion = 1;
	classes = {
	};
	objectVersion = 45;
	objects = {

/* Begin PBXBuildFile section */
		8DD76F9A0486AA7600D96B5E /* boggle-solve-objc-xcode.m in Sources */ = {isa = PBXBuildFile; fileRef = 08FB7796FE84155DC02AAC07 /* boggle-solve-objc-xcode.m */; settings = {ATTRIBUTES = (); }; };
		8DD76F9C0486AA7600D96B5E /* Foundation.framework in Frameworks */ = {isa = PBXBuildFile; fileRef = 08FB779EFE84155DC02AAC07 /* Foundation.framework */; };
		8DD76F9F0486AA7600D96B5E /* boggle-solve-objc-xcode.1 in CopyFiles */ = {isa = PBXBuildFile; fileRef = C6859EA3029092ED04C91782 /* boggle-solve-objc-xcode.1 */; };
		9C27936C121C6DCE009004AB /* Dictionary.m in Sources */ = {isa = PBXBuildFile; fileRef = 9C27936B121C6DCE009004AB /* Dictionary.m */; };
		9C2793C9121C73C5009004AB /* NDTrie.m in Sources */ = {isa = PBXBuildFile; fileRef = 9C2793C8121C73C5009004AB /* NDTrie.m */; };
		9C279441121C9222009004AB /* Board.m in Sources */ = {isa = PBXBuildFile; fileRef = 9C279440121C9222009004AB /* Board.m */; };
		9C2794E4121CB6CE009004AB /* BoggleSolver.m in Sources */ = {isa = PBXBuildFile; fileRef = 9C2794E3121CB6CE009004AB /* BoggleSolver.m */; };
/* End PBXBuildFile section */

/* Begin PBXCopyFilesBuildPhase section */
		8DD76F9E0486AA7600D96B5E /* CopyFiles */ = {
			isa = PBXCopyFilesBuildPhase;
			buildActionMask = 8;
			dstPath = /usr/share/man/man1/;
			dstSubfolderSpec = 0;
			files = (
				8DD76F9F0486AA7600D96B5E /* boggle-solve-objc-xcode.1 in CopyFiles */,
			);
			runOnlyForDeploymentPostprocessing = 1;
		};
/* End PBXCopyFilesBuildPhase section */

/* Begin PBXFileReference section */
		08FB7796FE84155DC02AAC07 /* boggle-solve-objc-xcode.m */ = {isa = PBXFileReference; fileEncoding = 4; lastKnownFileType = sourcecode.c.objc; path = "boggle-solve-objc-xcode.m"; sourceTree = "<group>"; };
		08FB779EFE84155DC02AAC07 /* Foundation.framework */ = {isa = PBXFileReference; lastKnownFileType = wrapper.framework; name = Foundation.framework; path = /System/Library/Frameworks/Foundation.framework; sourceTree = "<absolute>"; };
		32A70AAB03705E1F00C91783 /* boggle-solve-objc-xcode_Prefix.pch */ = {isa = PBXFileReference; fileEncoding = 4; lastKnownFileType = sourcecode.c.h; path = "boggle-solve-objc-xcode_Prefix.pch"; sourceTree = "<group>"; };
		8DD76FA10486AA7600D96B5E /* boggle-solve-objc-xcode */ = {isa = PBXFileReference; explicitFileType = "compiled.mach-o.executable"; includeInIndex = 0; path = "boggle-solve-objc-xcode"; sourceTree = BUILT_PRODUCTS_DIR; };
		9C27936A121C6DCE009004AB /* Dictionary.h */ = {isa = PBXFileReference; fileEncoding = 4; lastKnownFileType = sourcecode.c.h; path = Dictionary.h; sourceTree = "<group>"; };
		9C27936B121C6DCE009004AB /* Dictionary.m */ = {isa = PBXFileReference; fileEncoding = 4; lastKnownFileType = sourcecode.c.objc; path = Dictionary.m; sourceTree = "<group>"; };
		9C2793C7121C73C5009004AB /* NDTrie.h */ = {isa = PBXFileReference; fileEncoding = 4; lastKnownFileType = sourcecode.c.h; name = NDTrie.h; path = /Volumes/NDTrieTest/Classes/NDTrie.h; sourceTree = "<absolute>"; };
		9C2793C8121C73C5009004AB /* NDTrie.m */ = {isa = PBXFileReference; fileEncoding = 4; lastKnownFileType = sourcecode.c.objc; name = NDTrie.m; path = /Volumes/NDTrieTest/Classes/NDTrie.m; sourceTree = "<absolute>"; };
		9C27943F121C9222009004AB /* Board.h */ = {isa = PBXFileReference; fileEncoding = 4; lastKnownFileType = sourcecode.c.h; path = Board.h; sourceTree = "<group>"; };
		9C279440121C9222009004AB /* Board.m */ = {isa = PBXFileReference; fileEncoding = 4; lastKnownFileType = sourcecode.c.objc; path = Board.m; sourceTree = "<group>"; };
		9C2794E2121CB6CE009004AB /* BoggleSolver.h */ = {isa = PBXFileReference; fileEncoding = 4; lastKnownFileType = sourcecode.c.h; path = BoggleSolver.h; sourceTree = "<group>"; };
		9C2794E3121CB6CE009004AB /* BoggleSolver.m */ = {isa = PBXFileReference; fileEncoding = 4; lastKnownFileType = sourcecode.c.objc; path = BoggleSolver.m; sourceTree = "<group>"; };
		C6859EA3029092ED04C91782 /* boggle-solve-objc-xcode.1 */ = {isa = PBXFileReference; lastKnownFileType = text.man; path = "boggle-solve-objc-xcode.1"; sourceTree = "<group>"; };
/* End PBXFileReference section */

/* Begin PBXFrameworksBuildPhase section */
		8DD76F9B0486AA7600D96B5E /* Frameworks */ = {
			isa = PBXFrameworksBuildPhase;
			buildActionMask = 2147483647;
			files = (
				8DD76F9C0486AA7600D96B5E /* Foundation.framework in Frameworks */,
			);
			runOnlyForDeploymentPostprocessing = 0;
		};
/* End PBXFrameworksBuildPhase section */

/* Begin PBXGroup section */
		08FB7794FE84155DC02AAC07 /* boggle-solve-objc-xcode */ = {
			isa = PBXGroup;
			children = (
				08FB7795FE84155DC02AAC07 /* Source */,
				C6859EA2029092E104C91782 /* Documentation */,
				08FB779DFE84155DC02AAC07 /* External Frameworks and Libraries */,
				1AB674ADFE9D54B511CA2CBB /* Products */,
			);
			name = "boggle-solve-objc-xcode";
			sourceTree = "<group>";
		};
		08FB7795FE84155DC02AAC07 /* Source */ = {
			isa = PBXGroup;
			children = (
				9C2793C7121C73C5009004AB /* NDTrie.h */,
				9C2793C8121C73C5009004AB /* NDTrie.m */,
				9C27936A121C6DCE009004AB /* Dictionary.h */,
				9C27936B121C6DCE009004AB /* Dictionary.m */,
				32A70AAB03705E1F00C91783 /* boggle-solve-objc-xcode_Prefix.pch */,
				08FB7796FE84155DC02AAC07 /* boggle-solve-objc-xcode.m */,
				9C27943F121C9222009004AB /* Board.h */,
				9C279440121C9222009004AB /* Board.m */,
				9C2794E2121CB6CE009004AB /* BoggleSolver.h */,
				9C2794E3121CB6CE009004AB /* BoggleSolver.m */,
			);
			name = Source;
			sourceTree = "<group>";
		};
		08FB779DFE84155DC02AAC07 /* External Frameworks and Libraries */ = {
			isa = PBXGroup;
			children = (
				08FB779EFE84155DC02AAC07 /* Foundation.framework */,
			);
			name = "External Frameworks and Libraries";
			sourceTree = "<group>";
		};
		1AB674ADFE9D54B511CA2CBB /* Products */ = {
			isa = PBXGroup;
			children = (
				8DD76FA10486AA7600D96B5E /* boggle-solve-objc-xcode */,
			);
			name = Products;
			sourceTree = "<group>";
		};
		C6859EA2029092E104C91782 /* Documentation */ = {
			isa = PBXGroup;
			children = (
				C6859EA3029092ED04C91782 /* boggle-solve-objc-xcode.1 */,
			);
			name = Documentation;
			sourceTree = "<group>";
		};
/* End PBXGroup section */

/* Begin PBXNativeTarget section */
		8DD76F960486AA7600D96B5E /* boggle-solve-objc-xcode */ = {
			isa = PBXNativeTarget;
			buildConfigurationList = 1DEB927408733DD40010E9CD /* Build configuration list for PBXNativeTarget "boggle-solve-objc-xcode" */;
			buildPhases = (
				8DD76F990486AA7600D96B5E /* Sources */,
				8DD76F9B0486AA7600D96B5E /* Frameworks */,
				8DD76F9E0486AA7600D96B5E /* CopyFiles */,
			);
			buildRules = (
			);
			dependencies = (
			);
			name = "boggle-solve-objc-xcode";
			productInstallPath = "$(HOME)/bin";
			productName = "boggle-solve-objc-xcode";
			productReference = 8DD76FA10486AA7600D96B5E /* boggle-solve-objc-xcode */;
			productType = "com.apple.product-type.tool";
		};
/* End PBXNativeTarget section */

/* Begin PBXProject section */
		08FB7793FE84155DC02AAC07 /* Project object */ = {
			isa = PBXProject;
			buildConfigurationList = 1DEB927808733DD40010E9CD /* Build configuration list for PBXProject "boggle-solve-objc-xcode" */;
			compatibilityVersion = "Xcode 3.1";
			hasScannedForEncodings = 1;
			mainGroup = 08FB7794FE84155DC02AAC07 /* boggle-solve-objc-xcode */;
			projectDirPath = "";
			projectRoot = "";
			targets = (
				8DD76F960486AA7600D96B5E /* boggle-solve-objc-xcode */,
			);
		};
/* End PBXProject section */

/* Begin PBXSourcesBuildPhase section */
		8DD76F990486AA7600D96B5E /* Sources */ = {
			isa = PBXSourcesBuildPhase;
			buildActionMask = 2147483647;
			files = (
				8DD76F9A0486AA7600D96B5E /* boggle-solve-objc-xcode.m in Sources */,
				9C27936C121C6DCE009004AB /* Dictionary.m in Sources */,
				9C2793C9121C73C5009004AB /* NDTrie.m in Sources */,
				9C279441121C9222009004AB /* Board.m in Sources */,
				9C2794E4121CB6CE009004AB /* BoggleSolver.m in Sources */,
			);
			runOnlyForDeploymentPostprocessing = 0;
		};
/* End PBXSourcesBuildPhase section */

/* Begin XCBuildConfiguration section */
		1DEB927508733DD40010E9CD /* Debug */ = {
			isa = XCBuildConfiguration;
			buildSettings = {
				ALWAYS_SEARCH_USER_PATHS = NO;
				COPY_PHASE_STRIP = NO;
				GCC_DYNAMIC_NO_PIC = NO;
				GCC_ENABLE_FIX_AND_CONTINUE = YES;
				GCC_MODEL_TUNING = G5;
				GCC_OPTIMIZATION_LEVEL = 0;
				GCC_PRECOMPILE_PREFIX_HEADER = YES;
				GCC_PREFIX_HEADER = "boggle-solve-objc-xcode_Prefix.pch";
				INSTALL_PATH = /usr/local/bin;
				PRODUCT_NAME = "boggle-solve-objc-xcode";
			};
			name = Debug;
		};
		1DEB927608733DD40010E9CD /* Release */ = {
			isa = XCBuildConfiguration;
			buildSettings = {
				ALWAYS_SEARCH_USER_PATHS = NO;
				DEBUG_INFORMATION_FORMAT = "dwarf-with-dsym";
				GCC_MODEL_TUNING = G5;
				GCC_PRECOMPILE_PREFIX_HEADER = YES;
				GCC_PREFIX_HEADER = "boggle-solve-objc-xcode_Prefix.pch";
				INSTALL_PATH = /usr/local/bin;
				PRODUCT_NAME = "boggle-solve-objc-xcode";
			};
			name = Release;
		};
		1DEB927908733DD40010E9CD /* Debug */ = {
			isa = XCBuildConfiguration;
			buildSettings = {
				ARCHS = "$(ARCHS_STANDARD_32_64_BIT)";
				GCC_C_LANGUAGE_STANDARD = gnu99;
				GCC_OPTIMIZATION_LEVEL = 0;
				GCC_WARN_ABOUT_RETURN_TYPE = YES;
				GCC_WARN_UNUSED_VARIABLE = YES;
				ONLY_ACTIVE_ARCH = YES;
				PREBINDING = NO;
				SDKROOT = macosx10.6;
			};
			name = Debug;
		};
		1DEB927A08733DD40010E9CD /* Release */ = {
			isa = XCBuildConfiguration;
			buildSettings = {
				ARCHS = "$(ARCHS_STANDARD_32_64_BIT)";
				GCC_C_LANGUAGE_STANDARD = gnu99;
				GCC_WARN_ABOUT_RETURN_TYPE = YES;
				GCC_WARN_UNUSED_VARIABLE = YES;
				PREBINDING = NO;
				SDKROOT = macosx10.6;
			};
			name = Release;
		};
/* End XCBuildConfiguration section */

/* Begin XCConfigurationList section */
		1DEB927408733DD40010E9CD /* Build configuration list for PBXNativeTarget "boggle-solve-objc-xcode" */ = {
			isa = XCConfigurationList;
			buildConfigurations = (
				1DEB927508733DD40010E9CD /* Debug */,
				1DEB927608733DD40010E9CD /* Release */,
			);
			defaultConfigurationIsVisible = 0;
			defaultConfigurationName = Release;
		};
		1DEB927808733DD40010E9CD /* Build configuration list for PBXProject "boggle-solve-objc-xcode" */ = {
			isa = XCConfigurationList;
			buildConfigurations = (
				1DEB927908733DD40010E9CD /* Debug */,
				1DEB927A08733DD40010E9CD /* Release */,
			);
			defaultConfigurationIsVisible = 0;
			defaultConfigurationName = Release;
		};
/* End XCConfigurationList section */
	};
	rootObject = 08FB7793FE84155DC02AAC07 /* Project object */;
}
