{
    "_meta": {
        "hash": {
            "sha256": "51ff3c93cf8be7f5e0ff810127308c778b09d3b0f403fde756560a71c82360b4"
        },
        "pipfile-spec": 6,
        "requires": {
            "python_version": "3.7"
        },
        "sources": [
            {
                "name": "pypi",
                "url": "https://pypi.org/simple",
                "verify_ssl": true
            }
        ]
    },
    "default": {
        "pygtrie": {
            "hashes": [
                "sha256:2204dbd95584f67821da5b3771c4305ac5585552b3230b210f1f05322608db2c"
            ],
            "index": "pypi",
            "version": "==2.3.3"
        }
    },
    "develop": {}
}
